
Microsoft Visual Studio Solution File, Format Version 12.00
# Visual Studio 15
Project("{FAE04EC0-301F-11D3-BF4B-00C04F79EFBC}") = "Assembly-CSharp", "Assembly-CSharp.csproj", "{1F168CFF-96F6-49C4-A5C6-819AA88A1929}"
EndProject
Project("{FAE04EC0-301F-11D3-BF4B-00C04F79EFBC}") = "Assembly-CSharp-Editor", "Assembly-CSharp-Editor.csproj", "{EC8032D8-5312-F552-3E1C-80EC9F782680}"
EndProject
Global
	GlobalSection(SolutionConfigurationPlatforms) = preSolution
		Debug|Any CPU = Debug|Any CPU
		Release|Any CPU = Release|Any CPU
	EndGlobalSection
	GlobalSection(ProjectConfigurationPlatforms) = postSolution
		{1F168CFF-96F6-49C4-A5C6-819AA88A1929}.Debug|Any CPU.ActiveCfg = Debug|Any CPU
		{1F168CFF-96F6-49C4-A5C6-819AA88A1929}.Debug|Any CPU.Build.0 = Debug|Any CPU
		{1F168CFF-96F6-49C4-A5C6-819AA88A1929}.Release|Any CPU.ActiveCfg = Release|Any CPU
		{1F168CFF-96F6-49C4-A5C6-819AA88A1929}.Release|Any CPU.Build.0 = Release|Any CPU
		{EC8032D8-5312-F552-3E1C-80EC9F782680}.Debug|Any CPU.ActiveCfg = Debug|Any CPU
		{EC8032D8-5312-F552-3E1C-80EC9F782680}.Debug|Any CPU.Build.0 = Debug|Any CPU
		{EC8032D8-5312-F552-3E1C-80EC9F782680}.Release|Any CPU.ActiveCfg = Release|Any CPU
		{EC8032D8-5312-F552-3E1C-80EC9F782680}.Release|Any CPU.Build.0 = Release|Any CPU
	EndGlobalSection
	GlobalSection(SolutionProperties) = preSolution
		HideSolutionNode = FALSE
	EndGlobalSection
	GlobalSection(MonoDevelopProperties) = preSolution
		StartupItem = Assembly-CSharp.csproj
	EndGlobalSection
EndGlobal
